
Microsoft Visual Studio Solution File, Format Version 12.00
# Visual Studio Version 17
VisualStudioVersion = 17.5.33424.131
MinimumVisualStudioVersion = 10.0.40219.1
Project("{9A19103F-16F7-4668-BE54-9A1E7A4F7556}") = "AdventOfCodeDay1", "AdventOfCodeDay1\AdventOfCodeDay1.csproj", "{CBA08861-1E8D-4C16-B33E-A91AEB39133D}"
EndProject
Project("{9A19103F-16F7-4668-BE54-9A1E7A4F7556}") = "AdventOfCodeDay2", "AdventOfCodeDay2\AdventOfCodeDay2.csproj", "{5D7F0A8A-1123-46E0-8673-BDBCB6E6F565}"
EndProject
Project("{9A19103F-16F7-4668-BE54-9A1E7A4F7556}") = "AdventOfCodeDay3", "AdventOfCodeDay3\AdventOfCodeDay3.csproj", "{C3A1862B-86C9-471C-B153-59F99B67D19E}"
EndProject
Project("{FAE04EC0-301F-11D3-BF4B-00C04F79EFBC}") = "AdventOfCodeDay4", "AdventOfCodeDay4\AdventOfCodeDay4.csproj", "{141AEF6E-42F9-47A4-A9BB-070464C8F059}"
EndProject
Global
	GlobalSection(SolutionConfigurationPlatforms) = preSolution
		Debug|Any CPU = Debug|Any CPU
		Release|Any CPU = Release|Any CPU
	EndGlobalSection
	GlobalSection(ProjectConfigurationPlatforms) = postSolution
		{CBA08861-1E8D-4C16-B33E-A91AEB39133D}.Debug|Any CPU.ActiveCfg = Debug|Any CPU
		{CBA08861-1E8D-4C16-B33E-A91AEB39133D}.Debug|Any CPU.Build.0 = Debug|Any CPU
		{CBA08861-1E8D-4C16-B33E-A91AEB39133D}.Release|Any CPU.ActiveCfg = Release|Any CPU
		{CBA08861-1E8D-4C16-B33E-A91AEB39133D}.Release|Any CPU.Build.0 = Release|Any CPU
		{5D7F0A8A-1123-46E0-8673-BDBCB6E6F565}.Debug|Any CPU.ActiveCfg = Debug|Any CPU
		{5D7F0A8A-1123-46E0-8673-BDBCB6E6F565}.Debug|Any CPU.Build.0 = Debug|Any CPU
		{5D7F0A8A-1123-46E0-8673-BDBCB6E6F565}.Release|Any CPU.ActiveCfg = Release|Any CPU
		{5D7F0A8A-1123-46E0-8673-BDBCB6E6F565}.Release|Any CPU.Build.0 = Release|Any CPU
		{C3A1862B-86C9-471C-B153-59F99B67D19E}.Debug|Any CPU.ActiveCfg = Debug|Any CPU
		{C3A1862B-86C9-471C-B153-59F99B67D19E}.Debug|Any CPU.Build.0 = Debug|Any CPU
		{C3A1862B-86C9-471C-B153-59F99B67D19E}.Release|Any CPU.ActiveCfg = Release|Any CPU
		{C3A1862B-86C9-471C-B153-59F99B67D19E}.Release|Any CPU.Build.0 = Release|Any CPU
		{141AEF6E-42F9-47A4-A9BB-070464C8F059}.Debug|Any CPU.ActiveCfg = Debug|Any CPU
		{141AEF6E-42F9-47A4-A9BB-070464C8F059}.Debug|Any CPU.Build.0 = Debug|Any CPU
		{141AEF6E-42F9-47A4-A9BB-070464C8F059}.Release|Any CPU.ActiveCfg = Release|Any CPU
		{141AEF6E-42F9-47A4-A9BB-070464C8F059}.Release|Any CPU.Build.0 = Release|Any CPU
	EndGlobalSection
	GlobalSection(SolutionProperties) = preSolution
		HideSolutionNode = FALSE
	EndGlobalSection
	GlobalSection(ExtensibilityGlobals) = postSolution
		SolutionGuid = {393C0692-7075-4486-925C-BC9B3BB52487}
	EndGlobalSection
EndGlobal
